
Microsoft Visual Studio Solution File, Format Version 12.00
# Visual Studio Version 16
VisualStudioVersion = 16.0.31105.61
MinimumVisualStudioVersion = 10.0.40219.1
Project("{9A19103F-16F7-4668-BE54-9A1E7A4F7556}") = "BookStore.DAL", "BookStore.DAL\BookStore.DAL.csproj", "{B08A252F-2129-4615-A8D9-4A5200F76C41}"
EndProject
Project("{9A19103F-16F7-4668-BE54-9A1E7A4F7556}") = "BookStore.BLL", "BookStore.BLL\BookStore.BLL.csproj", "{B2AD718C-E83D-4A42-9E5F-A72186EAEAD5}"
EndProject
Project("{9A19103F-16F7-4668-BE54-9A1E7A4F7556}") = "BookStore.API", "BookStore.API\BookStore.API.csproj", "{8D3DF9BF-076B-4130-9D47-8804FDAFFA92}"
EndProject
Project("{FAE04EC0-301F-11D3-BF4B-00C04F79EFBC}") = "BookStore.CLIENT", "BookStore.CLIENT\BookStore.CLIENT.csproj", "{BE8FA14B-5881-40DD-BF5E-259BF96E9B18}"
EndProject
Project("{9A19103F-16F7-4668-BE54-9A1E7A4F7556}") = "BookStore.TEST", "BookStore.TEST\BookStore.TEST.csproj", "{EA3273BA-F5A2-4DF9-ACA2-ED17828A8EA3}"
EndProject
Global
	GlobalSection(SolutionConfigurationPlatforms) = preSolution
		Debug|Any CPU = Debug|Any CPU
		Debug|ARM = Debug|ARM
		Debug|ARM64 = Debug|ARM64
		Debug|x64 = Debug|x64
		Debug|x86 = Debug|x86
		Release|Any CPU = Release|Any CPU
		Release|ARM = Release|ARM
		Release|ARM64 = Release|ARM64
		Release|x64 = Release|x64
		Release|x86 = Release|x86
	EndGlobalSection
	GlobalSection(ProjectConfigurationPlatforms) = postSolution
		{B08A252F-2129-4615-A8D9-4A5200F76C41}.Debug|Any CPU.ActiveCfg = Debug|Any CPU
		{B08A252F-2129-4615-A8D9-4A5200F76C41}.Debug|Any CPU.Build.0 = Debug|Any CPU
		{B08A252F-2129-4615-A8D9-4A5200F76C41}.Debug|ARM.ActiveCfg = Debug|Any CPU
		{B08A252F-2129-4615-A8D9-4A5200F76C41}.Debug|ARM.Build.0 = Debug|Any CPU
		{B08A252F-2129-4615-A8D9-4A5200F76C41}.Debug|ARM64.ActiveCfg = Debug|Any CPU
		{B08A252F-2129-4615-A8D9-4A5200F76C41}.Debug|ARM64.Build.0 = Debug|Any CPU
		{B08A252F-2129-4615-A8D9-4A5200F76C41}.Debug|x64.ActiveCfg = Debug|Any CPU
		{B08A252F-2129-4615-A8D9-4A5200F76C41}.Debug|x64.Build.0 = Debug|Any CPU
		{B08A252F-2129-4615-A8D9-4A5200F76C41}.Debug|x86.ActiveCfg = Debug|Any CPU
		{B08A252F-2129-4615-A8D9-4A5200F76C41}.Debug|x86.Build.0 = Debug|Any CPU
		{B08A252F-2129-4615-A8D9-4A5200F76C41}.Release|Any CPU.ActiveCfg = Release|Any CPU
		{B08A252F-2129-4615-A8D9-4A5200F76C41}.Release|Any CPU.Build.0 = Release|Any CPU
		{B08A252F-2129-4615-A8D9-4A5200F76C41}.Release|ARM.ActiveCfg = Release|Any CPU
		{B08A252F-2129-4615-A8D9-4A5200F76C41}.Release|ARM.Build.0 = Release|Any CPU
		{B08A252F-2129-4615-A8D9-4A5200F76C41}.Release|ARM64.ActiveCfg = Release|Any CPU
		{B08A252F-2129-4615-A8D9-4A5200F76C41}.Release|ARM64.Build.0 = Release|Any CPU
		{B08A252F-2129-4615-A8D9-4A5200F76C41}.Release|x64.ActiveCfg = Release|Any CPU
		{B08A252F-2129-4615-A8D9-4A5200F76C41}.Release|x64.Build.0 = Release|Any CPU
		{B08A252F-2129-4615-A8D9-4A5200F76C41}.Release|x86.ActiveCfg = Release|Any CPU
		{B08A252F-2129-4615-A8D9-4A5200F76C41}.Release|x86.Build.0 = Release|Any CPU
		{B2AD718C-E83D-4A42-9E5F-A72186EAEAD5}.Debug|Any CPU.ActiveCfg = Debug|Any CPU
		{B2AD718C-E83D-4A42-9E5F-A72186EAEAD5}.Debug|Any CPU.Build.0 = Debug|Any CPU
		{B2AD718C-E83D-4A42-9E5F-A72186EAEAD5}.Debug|ARM.ActiveCfg = Debug|Any CPU
		{B2AD718C-E83D-4A42-9E5F-A72186EAEAD5}.Debug|ARM.Build.0 = Debug|Any CPU
		{B2AD718C-E83D-4A42-9E5F-A72186EAEAD5}.Debug|ARM64.ActiveCfg = Debug|Any CPU
		{B2AD718C-E83D-4A42-9E5F-A72186EAEAD5}.Debug|ARM64.Build.0 = Debug|Any CPU
		{B2AD718C-E83D-4A42-9E5F-A72186EAEAD5}.Debug|x64.ActiveCfg = Debug|Any CPU
		{B2AD718C-E83D-4A42-9E5F-A72186EAEAD5}.Debug|x64.Build.0 = Debug|Any CPU
		{B2AD718C-E83D-4A42-9E5F-A72186EAEAD5}.Debug|x86.ActiveCfg = Debug|Any CPU
		{B2AD718C-E83D-4A42-9E5F-A72186EAEAD5}.Debug|x86.Build.0 = Debug|Any CPU
		{B2AD718C-E83D-4A42-9E5F-A72186EAEAD5}.Release|Any CPU.ActiveCfg = Release|Any CPU
		{B2AD718C-E83D-4A42-9E5F-A72186EAEAD5}.Release|Any CPU.Build.0 = Release|Any CPU
		{B2AD718C-E83D-4A42-9E5F-A72186EAEAD5}.Release|ARM.ActiveCfg = Release|Any CPU
		{B2AD718C-E83D-4A42-9E5F-A72186EAEAD5}.Release|ARM.Build.0 = Release|Any CPU
		{B2AD718C-E83D-4A42-9E5F-A72186EAEAD5}.Release|ARM64.ActiveCfg = Release|Any CPU
		{B2AD718C-E83D-4A42-9E5F-A72186EAEAD5}.Release|ARM64.Build.0 = Release|Any CPU
		{B2AD718C-E83D-4A42-9E5F-A72186EAEAD5}.Release|x64.ActiveCfg = Release|Any CPU
		{B2AD718C-E83D-4A42-9E5F-A72186EAEAD5}.Release|x64.Build.0 = Release|Any CPU
		{B2AD718C-E83D-4A42-9E5F-A72186EAEAD5}.Release|x86.ActiveCfg = Release|Any CPU
		{B2AD718C-E83D-4A42-9E5F-A72186EAEAD5}.Release|x86.Build.0 = Release|Any CPU
		{8D3DF9BF-076B-4130-9D47-8804FDAFFA92}.Debug|Any CPU.ActiveCfg = Debug|Any CPU
		{8D3DF9BF-076B-4130-9D47-8804FDAFFA92}.Debug|Any CPU.Build.0 = Debug|Any CPU
		{8D3DF9BF-076B-4130-9D47-8804FDAFFA92}.Debug|ARM.ActiveCfg = Debug|Any CPU
		{8D3DF9BF-076B-4130-9D47-8804FDAFFA92}.Debug|ARM.Build.0 = Debug|Any CPU
		{8D3DF9BF-076B-4130-9D47-8804FDAFFA92}.Debug|ARM64.ActiveCfg = Debug|Any CPU
		{8D3DF9BF-076B-4130-9D47-8804FDAFFA92}.Debug|ARM64.Build.0 = Debug|Any CPU
		{8D3DF9BF-076B-4130-9D47-8804FDAFFA92}.Debug|x64.ActiveCfg = Debug|Any CPU
		{8D3DF9BF-076B-4130-9D47-8804FDAFFA92}.Debug|x64.Build.0 = Debug|Any CPU
		{8D3DF9BF-076B-4130-9D47-8804FDAFFA92}.Debug|x86.ActiveCfg = Debug|Any CPU
		{8D3DF9BF-076B-4130-9D47-8804FDAFFA92}.Debug|x86.Build.0 = Debug|Any CPU
		{8D3DF9BF-076B-4130-9D47-8804FDAFFA92}.Release|Any CPU.ActiveCfg = Release|Any CPU
		{8D3DF9BF-076B-4130-9D47-8804FDAFFA92}.Release|Any CPU.Build.0 = Release|Any CPU
		{8D3DF9BF-076B-4130-9D47-8804FDAFFA92}.Release|ARM.ActiveCfg = Release|Any CPU
		{8D3DF9BF-076B-4130-9D47-8804FDAFFA92}.Release|ARM.Build.0 = Release|Any CPU
		{8D3DF9BF-076B-4130-9D47-8804FDAFFA92}.Release|ARM64.ActiveCfg = Release|Any CPU
		{8D3DF9BF-076B-4130-9D47-8804FDAFFA92}.Release|ARM64.Build.0 = Release|Any CPU
		{8D3DF9BF-076B-4130-9D47-8804FDAFFA92}.Release|x64.ActiveCfg = Release|Any CPU
		{8D3DF9BF-076B-4130-9D47-8804FDAFFA92}.Release|x64.Build.0 = Release|Any CPU
		{8D3DF9BF-076B-4130-9D47-8804FDAFFA92}.Release|x86.ActiveCfg = Release|Any CPU
		{8D3DF9BF-076B-4130-9D47-8804FDAFFA92}.Release|x86.Build.0 = Release|Any CPU
		{BE8FA14B-5881-40DD-BF5E-259BF96E9B18}.Debug|Any CPU.ActiveCfg = Debug|x86
		{BE8FA14B-5881-40DD-BF5E-259BF96E9B18}.Debug|Any CPU.Build.0 = Debug|x86
		{BE8FA14B-5881-40DD-BF5E-259BF96E9B18}.Debug|Any CPU.Deploy.0 = Debug|x86
		{BE8FA14B-5881-40DD-BF5E-259BF96E9B18}.Debug|ARM.ActiveCfg = Debug|ARM
		{BE8FA14B-5881-40DD-BF5E-259BF96E9B18}.Debug|ARM.Build.0 = Debug|ARM
		{BE8FA14B-5881-40DD-BF5E-259BF96E9B18}.Debug|ARM.Deploy.0 = Debug|ARM
		{BE8FA14B-5881-40DD-BF5E-259BF96E9B18}.Debug|ARM64.ActiveCfg = Debug|ARM64
		{BE8FA14B-5881-40DD-BF5E-259BF96E9B18}.Debug|ARM64.Build.0 = Debug|ARM64
		{BE8FA14B-5881-40DD-BF5E-259BF96E9B18}.Debug|ARM64.Deploy.0 = Debug|ARM64
		{BE8FA14B-5881-40DD-BF5E-259BF96E9B18}.Debug|x64.ActiveCfg = Debug|x64
		{BE8FA14B-5881-40DD-BF5E-259BF96E9B18}.Debug|x64.Build.0 = Debug|x64
		{BE8FA14B-5881-40DD-BF5E-259BF96E9B18}.Debug|x64.Deploy.0 = Debug|x64
		{BE8FA14B-5881-40DD-BF5E-259BF96E9B18}.Debug|x86.ActiveCfg = Debug|x86
		{BE8FA14B-5881-40DD-BF5E-259BF96E9B18}.Debug|x86.Build.0 = Debug|x86
		{BE8FA14B-5881-40DD-BF5E-259BF96E9B18}.Debug|x86.Deploy.0 = Debug|x86
		{BE8FA14B-5881-40DD-BF5E-259BF96E9B18}.Release|Any CPU.ActiveCfg = Release|x86
		{BE8FA14B-5881-40DD-BF5E-259BF96E9B18}.Release|ARM.ActiveCfg = Release|ARM
		{BE8FA14B-5881-40DD-BF5E-259BF96E9B18}.Release|ARM.Build.0 = Release|ARM
		{BE8FA14B-5881-40DD-BF5E-259BF96E9B18}.Release|ARM.Deploy.0 = Release|ARM
		{BE8FA14B-5881-40DD-BF5E-259BF96E9B18}.Release|ARM64.ActiveCfg = Release|ARM64
		{BE8FA14B-5881-40DD-BF5E-259BF96E9B18}.Release|ARM64.Build.0 = Release|ARM64
		{BE8FA14B-5881-40DD-BF5E-259BF96E9B18}.Release|ARM64.Deploy.0 = Release|ARM64
		{BE8FA14B-5881-40DD-BF5E-259BF96E9B18}.Release|x64.ActiveCfg = Release|x64
		{BE8FA14B-5881-40DD-BF5E-259BF96E9B18}.Release|x64.Build.0 = Release|x64
		{BE8FA14B-5881-40DD-BF5E-259BF96E9B18}.Release|x64.Deploy.0 = Release|x64
		{BE8FA14B-5881-40DD-BF5E-259BF96E9B18}.Release|x86.ActiveCfg = Release|x86
		{BE8FA14B-5881-40DD-BF5E-259BF96E9B18}.Release|x86.Build.0 = Release|x86
		{BE8FA14B-5881-40DD-BF5E-259BF96E9B18}.Release|x86.Deploy.0 = Release|x86
		{EA3273BA-F5A2-4DF9-ACA2-ED17828A8EA3}.Debug|Any CPU.ActiveCfg = Debug|Any CPU
		{EA3273BA-F5A2-4DF9-ACA2-ED17828A8EA3}.Debug|Any CPU.Build.0 = Debug|Any CPU
		{EA3273BA-F5A2-4DF9-ACA2-ED17828A8EA3}.Debug|ARM.ActiveCfg = Debug|Any CPU
		{EA3273BA-F5A2-4DF9-ACA2-ED17828A8EA3}.Debug|ARM.Build.0 = Debug|Any CPU
		{EA3273BA-F5A2-4DF9-ACA2-ED17828A8EA3}.Debug|ARM64.ActiveCfg = Debug|Any CPU
		{EA3273BA-F5A2-4DF9-ACA2-ED17828A8EA3}.Debug|ARM64.Build.0 = Debug|Any CPU
		{EA3273BA-F5A2-4DF9-ACA2-ED17828A8EA3}.Debug|x64.ActiveCfg = Debug|Any CPU
		{EA3273BA-F5A2-4DF9-ACA2-ED17828A8EA3}.Debug|x64.Build.0 = Debug|Any CPU
		{EA3273BA-F5A2-4DF9-ACA2-ED17828A8EA3}.Debug|x86.ActiveCfg = Debug|Any CPU
		{EA3273BA-F5A2-4DF9-ACA2-ED17828A8EA3}.Debug|x86.Build.0 = Debug|Any CPU
		{EA3273BA-F5A2-4DF9-ACA2-ED17828A8EA3}.Release|Any CPU.ActiveCfg = Release|Any CPU
		{EA3273BA-F5A2-4DF9-ACA2-ED17828A8EA3}.Release|Any CPU.Build.0 = Release|Any CPU
		{EA3273BA-F5A2-4DF9-ACA2-ED17828A8EA3}.Release|ARM.ActiveCfg = Release|Any CPU
		{EA3273BA-F5A2-4DF9-ACA2-ED17828A8EA3}.Release|ARM.Build.0 = Release|Any CPU
		{EA3273BA-F5A2-4DF9-ACA2-ED17828A8EA3}.Release|ARM64.ActiveCfg = Release|Any CPU
		{EA3273BA-F5A2-4DF9-ACA2-ED17828A8EA3}.Release|ARM64.Build.0 = Release|Any CPU
		{EA3273BA-F5A2-4DF9-ACA2-ED17828A8EA3}.Release|x64.ActiveCfg = Release|Any CPU
		{EA3273BA-F5A2-4DF9-ACA2-ED17828A8EA3}.Release|x64.Build.0 = Release|Any CPU
		{EA3273BA-F5A2-4DF9-ACA2-ED17828A8EA3}.Release|x86.ActiveCfg = Release|Any CPU
		{EA3273BA-F5A2-4DF9-ACA2-ED17828A8EA3}.Release|x86.Build.0 = Release|Any CPU
	EndGlobalSection
	GlobalSection(SolutionProperties) = preSolution
		HideSolutionNode = FALSE
	EndGlobalSection
	GlobalSection(ExtensibilityGlobals) = postSolution
		SolutionGuid = {EFF25F83-2EDC-4CAB-B7E3-2999ECE24992}
	EndGlobalSection
EndGlobal
